// !$*UTF8*$!
{
	archiveVersion = 1;
	classes = {
	};
	objectVersion = 54;
	objects = {

/* Begin PBXBuildFile section */
		00E356F31AD99517003FC87E /* SimpleHabitTrackerTests.m in Sources */ = {isa = PBXBuildFile; fileRef = 00E356F21AD99517003FC87E /* SimpleHabitTrackerTests.m */; };
		0C80B921A6F3F58F76C31292 /* libPods-SimpleHabitTracker.a in Frameworks */ = {isa = PBXBuildFile; fileRef = 5DCACB8F33CDC322A6C60F78 /* libPods-SimpleHabitTracker.a */; };
		13B07FBC1A68108700A75B9A /* AppDelegate.mm in Sources */ = {isa = PBXBuildFile; fileRef = 13B07FB01A68108700A75B9A /* AppDelegate.mm */; };
		13B07FBF1A68108700A75B9A /* Images.xcassets in Resources */ = {isa = PBXBuildFile; fileRef = 13B07FB51A68108700A75B9A /* Images.xcassets */; };
		13B07FC11A68108700A75B9A /* main.m in Sources */ = {isa = PBXBuildFile; fileRef = 13B07FB71A68108700A75B9A /* main.m */; };
		7699B88040F8A987B510C191 /* libPods-SimpleHabitTracker-SimpleHabitTrackerTests.a in Frameworks */ = {isa = PBXBuildFile; fileRef = 19F6CBCC0A4E27FBF8BF4A61 /* libPods-SimpleHabitTracker-SimpleHabitTrackerTests.a */; };
		81AB9BB82411601600AC10FF /* LaunchScreen.storyboard in Resources */ = {isa = PBXBuildFile; fileRef = 81AB9BB72411601600AC10FF /* LaunchScreen.storyboard */; };
		FC691614DF6286B9E58B6BB8 /* PrivacyInfo.xcprivacy in Resources */ = {isa = PBXBuildFile; fileRef = 13B07FB81A68108700A75B9A /* PrivacyInfo.xcprivacy */; };
		18BF0E94CD134F8FBA386344 /* Inter-Italic-VariableFont_opsz,wght.ttf in Resources */ = {isa = PBXBuildFile; fileRef = D2ACCEEBA72C427E879E366D /* Inter-Italic-VariableFont_opsz,wght.ttf */; };
		2987E25A8D4646A4ADED94F9 /* Inter-VariableFont_opsz,wght.ttf in Resources */ = {isa = PBXBuildFile; fileRef = 66DA62D28DFC45EDAB607B9E /* Inter-VariableFont_opsz,wght.ttf */; };
		CB5548118E584901AF5DF7F3 /* Inter_18pt-Black.ttf in Resources */ = {isa = PBXBuildFile; fileRef = 8729D0B7FE2847848B8B55E7 /* Inter_18pt-Black.ttf */; };
		A04B774477934CA58CB77FEA /* Inter_18pt-BlackItalic.ttf in Resources */ = {isa = PBXBuildFile; fileRef = 0C6B5A70E0F642ED890855F8 /* Inter_18pt-BlackItalic.ttf */; };
		C3366915B14C4EF493C9FCD4 /* Inter_18pt-Bold.ttf in Resources */ = {isa = PBXBuildFile; fileRef = 794BD6CD726B4611B77469C1 /* Inter_18pt-Bold.ttf */; };
		3294EE3A1E6043DBBDE2A815 /* Inter_18pt-BoldItalic.ttf in Resources */ = {isa = PBXBuildFile; fileRef = 98ADF0C0A5A44D94B8E626F3 /* Inter_18pt-BoldItalic.ttf */; };
		1D3ABABA406D41729B1F4B60 /* Inter_18pt-ExtraBold.ttf in Resources */ = {isa = PBXBuildFile; fileRef = 9335B13983694B98B7B979F8 /* Inter_18pt-ExtraBold.ttf */; };
		BBDB110057B14C0CB898E49C /* Inter_18pt-ExtraBoldItalic.ttf in Resources */ = {isa = PBXBuildFile; fileRef = E5EB267C84F54364A0ED6A14 /* Inter_18pt-ExtraBoldItalic.ttf */; };
		1D98AD68A3474884B325519F /* Inter_18pt-ExtraLight.ttf in Resources */ = {isa = PBXBuildFile; fileRef = ADE0DE7E13A54D978E91A92B /* Inter_18pt-ExtraLight.ttf */; };
		3F03887FDE324CE3B7729554 /* Inter_18pt-ExtraLightItalic.ttf in Resources */ = {isa = PBXBuildFile; fileRef = CDA2D43CA6BD44DA832A6DCD /* Inter_18pt-ExtraLightItalic.ttf */; };
		352F22D600D44A6B83E8E446 /* Inter_18pt-Italic.ttf in Resources */ = {isa = PBXBuildFile; fileRef = 484D5ABCE461409DA875C80A /* Inter_18pt-Italic.ttf */; };
		A2987AD778A74507A709A214 /* Inter_18pt-Light.ttf in Resources */ = {isa = PBXBuildFile; fileRef = 68CC66582B9C4D5A845D691B /* Inter_18pt-Light.ttf */; };
		956FD056095442AA956F91DE /* Inter_18pt-LightItalic.ttf in Resources */ = {isa = PBXBuildFile; fileRef = 98380A8AE6974023AF6AB0F5 /* Inter_18pt-LightItalic.ttf */; };
		84EB4BA4B5CC4466A605568B /* Inter_18pt-Medium.ttf in Resources */ = {isa = PBXBuildFile; fileRef = 173968AE77E04CE3A8129130 /* Inter_18pt-Medium.ttf */; };
		67340631E3A94465AA3E69EC /* Inter_18pt-MediumItalic.ttf in Resources */ = {isa = PBXBuildFile; fileRef = 81CF68E392B44C30AB5C3822 /* Inter_18pt-MediumItalic.ttf */; };
		CF9CE96125E943C2982F4579 /* Inter_18pt-Regular.ttf in Resources */ = {isa = PBXBuildFile; fileRef = F2B9C85DCE544BB6B7581FE1 /* Inter_18pt-Regular.ttf */; };
		451F90F90B0A4325BDDADB5D /* Inter_18pt-SemiBold.ttf in Resources */ = {isa = PBXBuildFile; fileRef = E7F3FFB8963F40DEB4B36D71 /* Inter_18pt-SemiBold.ttf */; };
		30684CE564E6457B8A181286 /* Inter_18pt-SemiBoldItalic.ttf in Resources */ = {isa = PBXBuildFile; fileRef = 89775C4CA84E4229868578F6 /* Inter_18pt-SemiBoldItalic.ttf */; };
		1D2FDF587A73459FA894896A /* Inter_18pt-Thin.ttf in Resources */ = {isa = PBXBuildFile; fileRef = 718FFBC7FE0A43CF8F188627 /* Inter_18pt-Thin.ttf */; };
		488E14F18585408CA6C825B5 /* Inter_18pt-ThinItalic.ttf in Resources */ = {isa = PBXBuildFile; fileRef = 526FDEB153C34D91963CB9FA /* Inter_18pt-ThinItalic.ttf */; };
		3E77E5EE017C4A5C9936FCF7 /* Inter_24pt-Black.ttf in Resources */ = {isa = PBXBuildFile; fileRef = E288AA5A9E3745CE8A1A0B6E /* Inter_24pt-Black.ttf */; };
		A1A8DC59289A408598E43979 /* Inter_24pt-BlackItalic.ttf in Resources */ = {isa = PBXBuildFile; fileRef = FB1F8F8C60A84B78A0AE7BAF /* Inter_24pt-BlackItalic.ttf */; };
		CF257F0728BF48DC85D6CBDE /* Inter_24pt-Bold.ttf in Resources */ = {isa = PBXBuildFile; fileRef = 6CA65059E6084B3EB3185DD9 /* Inter_24pt-Bold.ttf */; };
		E71114937E134819BA42F745 /* Inter_24pt-BoldItalic.ttf in Resources */ = {isa = PBXBuildFile; fileRef = F2408214F40E49DCA2C91002 /* Inter_24pt-BoldItalic.ttf */; };
		630894E2106241A6BFDB0030 /* Inter_24pt-ExtraBold.ttf in Resources */ = {isa = PBXBuildFile; fileRef = 76905C11BEAE4919A0EEA95D /* Inter_24pt-ExtraBold.ttf */; };
		FA1C3F2590B34C9BA7E49BFA /* Inter_24pt-ExtraBoldItalic.ttf in Resources */ = {isa = PBXBuildFile; fileRef = 01F96D1968F64E0EAD37C9BA /* Inter_24pt-ExtraBoldItalic.ttf */; };
		83D21285F70C445EA2104B1C /* Inter_24pt-ExtraLight.ttf in Resources */ = {isa = PBXBuildFile; fileRef = FD0B1A43A02A46C58F5E8F3E /* Inter_24pt-ExtraLight.ttf */; };
		D3908321741340809CC70072 /* Inter_24pt-ExtraLightItalic.ttf in Resources */ = {isa = PBXBuildFile; fileRef = BAC2A5C51C6648E3AB5FE4CF /* Inter_24pt-ExtraLightItalic.ttf */; };
		92DAD99153354E34A16D3C7B /* Inter_24pt-Italic.ttf in Resources */ = {isa = PBXBuildFile; fileRef = F9A3F2652B2F4A91B5A70C0B /* Inter_24pt-Italic.ttf */; };
		F935BBC39E47433F9D26584B /* Inter_24pt-Light.ttf in Resources */ = {isa = PBXBuildFile; fileRef = 2C2D880D43254C4FA8930E24 /* Inter_24pt-Light.ttf */; };
		BD639DD1DA604AC196E348CB /* Inter_24pt-LightItalic.ttf in Resources */ = {isa = PBXBuildFile; fileRef = DD5D4B81C6CD4F3DA0260914 /* Inter_24pt-LightItalic.ttf */; };
		5E16E97C5C064A6FA2460B83 /* Inter_24pt-Medium.ttf in Resources */ = {isa = PBXBuildFile; fileRef = 3AFC1C94F77A473B8705D0E7 /* Inter_24pt-Medium.ttf */; };
		8D937811159645F187ADCEFB /* Inter_24pt-MediumItalic.ttf in Resources */ = {isa = PBXBuildFile; fileRef = 76B29A42EFD64ED78CAFB5A0 /* Inter_24pt-MediumItalic.ttf */; };
		FAAEB38AFFED4EA99972AED7 /* Inter_24pt-Regular.ttf in Resources */ = {isa = PBXBuildFile; fileRef = 807F2B1CC9E84186A313C0D1 /* Inter_24pt-Regular.ttf */; };
		4B9806E05B254812AD29BDB3 /* Inter_24pt-SemiBold.ttf in Resources */ = {isa = PBXBuildFile; fileRef = 2F334E4137224970AC48377B /* Inter_24pt-SemiBold.ttf */; };
		68ED6D88CAF340D1B8746A69 /* Inter_24pt-SemiBoldItalic.ttf in Resources */ = {isa = PBXBuildFile; fileRef = 80F43AB9B92341808BBD69BB /* Inter_24pt-SemiBoldItalic.ttf */; };
		BFC7167B8AE9430D9BEEFA9B /* Inter_24pt-Thin.ttf in Resources */ = {isa = PBXBuildFile; fileRef = 993DB070952D4C9FB57C10B0 /* Inter_24pt-Thin.ttf */; };
		3A2CF379932A4C1AB32A484F /* Inter_24pt-ThinItalic.ttf in Resources */ = {isa = PBXBuildFile; fileRef = 64E19FC6D7FE45FCA1192AC5 /* Inter_24pt-ThinItalic.ttf */; };
		B29E9297847E498384D13315 /* Inter_28pt-Black.ttf in Resources */ = {isa = PBXBuildFile; fileRef = 317526863FEE482796E6C0DB /* Inter_28pt-Black.ttf */; };
		D61AFA5FDCB04972B15EEB14 /* Inter_28pt-BlackItalic.ttf in Resources */ = {isa = PBXBuildFile; fileRef = F4512C4B1C654DE8BB460A90 /* Inter_28pt-BlackItalic.ttf */; };
		357EA842E8434C3282D34019 /* Inter_28pt-Bold.ttf in Resources */ = {isa = PBXBuildFile; fileRef = D4BF735787344343A77EB1E5 /* Inter_28pt-Bold.ttf */; };
		F24BCF24A974414FA971A181 /* Inter_28pt-BoldItalic.ttf in Resources */ = {isa = PBXBuildFile; fileRef = BFBE5E8B758B4A7FAB7879E8 /* Inter_28pt-BoldItalic.ttf */; };
		D89A95288E284D658D644D05 /* Inter_28pt-ExtraBold.ttf in Resources */ = {isa = PBXBuildFile; fileRef = DE97CC54E50D4138A1371B66 /* Inter_28pt-ExtraBold.ttf */; };
		600EC0595050484B9B1183B8 /* Inter_28pt-ExtraBoldItalic.ttf in Resources */ = {isa = PBXBuildFile; fileRef = 5CF29B3F3E6D41AD9BA21F1B /* Inter_28pt-ExtraBoldItalic.ttf */; };
		6CB0E072AC894268B2D4E652 /* Inter_28pt-ExtraLight.ttf in Resources */ = {isa = PBXBuildFile; fileRef = D32A0EB94E6340F591B951BE /* Inter_28pt-ExtraLight.ttf */; };
		E726A3B3321D426CBB698A48 /* Inter_28pt-ExtraLightItalic.ttf in Resources */ = {isa = PBXBuildFile; fileRef = 151D8FFDC08E447DACDEA77E /* Inter_28pt-ExtraLightItalic.ttf */; };
		A94F13D387E24ECA8F569CD2 /* Inter_28pt-Italic.ttf in Resources */ = {isa = PBXBuildFile; fileRef = CC2570B0E37C43F1A00E6B89 /* Inter_28pt-Italic.ttf */; };
		DD03C6E087314654A9FB95D9 /* Inter_28pt-Light.ttf in Resources */ = {isa = PBXBuildFile; fileRef = 556E1180D9BE48BDB2446B97 /* Inter_28pt-Light.ttf */; };
		96832ABF1E804543A49EBF3E /* Inter_28pt-LightItalic.ttf in Resources */ = {isa = PBXBuildFile; fileRef = B6933A61E44A45AEA4C83B52 /* Inter_28pt-LightItalic.ttf */; };
		26E19002552E44DCBF869229 /* Inter_28pt-Medium.ttf in Resources */ = {isa = PBXBuildFile; fileRef = 945A333C5D304450B03B470D /* Inter_28pt-Medium.ttf */; };
		83A0FD8DF5314B77AB9BA9F3 /* Inter_28pt-MediumItalic.ttf in Resources */ = {isa = PBXBuildFile; fileRef = B04FED199E1546B9A25AB047 /* Inter_28pt-MediumItalic.ttf */; };
		35B18E88BBF9458489400015 /* Inter_28pt-Regular.ttf in Resources */ = {isa = PBXBuildFile; fileRef = 6DD9CE31BF354AD5BFA6C17D /* Inter_28pt-Regular.ttf */; };
		DEB6FD5681EF4F5F94EC522C /* Inter_28pt-SemiBold.ttf in Resources */ = {isa = PBXBuildFile; fileRef = 2B7201B108AD40B3A9FBBD91 /* Inter_28pt-SemiBold.ttf */; };
		03C63B42665840DE8A7C68DF /* Inter_28pt-SemiBoldItalic.ttf in Resources */ = {isa = PBXBuildFile; fileRef = 8BD793D3C98E49BC88C0CD62 /* Inter_28pt-SemiBoldItalic.ttf */; };
		F0BD3D90B0254ECD89F89C01 /* Inter_28pt-Thin.ttf in Resources */ = {isa = PBXBuildFile; fileRef = A03D4EE8D9F042D2A35D4BBB /* Inter_28pt-Thin.ttf */; };
		267FF6ED948C4D59AC31A26A /* Inter_28pt-ThinItalic.ttf in Resources */ = {isa = PBXBuildFile; fileRef = C004762ED9E54A9F8D0F7573 /* Inter_28pt-ThinItalic.ttf */; };
		A5B58DC259FF4D3D85621D1D /* OFL.txt in Resources */ = {isa = PBXBuildFile; fileRef = CE275C45743E408BB22D4206 /* OFL.txt */; };
		881329BBDAA146C6AAF436D0 /* README.txt in Resources */ = {isa = PBXBuildFile; fileRef = 641D86ADB38D415888DB5C88 /* README.txt */; };
		FC0E441C21144E0D9C51510C /* Aclonica-Regular.ttf in Resources */ = {isa = PBXBuildFile; fileRef = AC881C4173DD4CFBB0766FF1 /* Aclonica-Regular.ttf */; };
		7651E45D62A642FD8C9BD30D /* Inter-Bold.ttf in Resources */ = {isa = PBXBuildFile; fileRef = 4077648922854CE5AF5AD5D3 /* Inter-Bold.ttf */; };
		7564B0C8823348D1B31EC7CF /* Inter-Regular.ttf in Resources */ = {isa = PBXBuildFile; fileRef = 76C509F17B914864AA7703AC /* Inter-Regular.ttf */; };
		DDF3308BCF4B481F84D9BBC1 /* Inter-Variable.ttf in Resources */ = {isa = PBXBuildFile; fileRef = CE721114DA8C49B3A332CDD3 /* Inter-Variable.ttf */; };
		F4C326814C8C4EE78C7A80E2 /* LICENSE.txt in Resources */ = {isa = PBXBuildFile; fileRef = B006CEFCAB994CCA9DD5BBDC /* LICENSE.txt */; };
		BC287B70E7E742B6B24C6D86 /* Aclonica Regular.ttf in Resources */ = {isa = PBXBuildFile; fileRef = ED9554FF14404015BF6AE563 /* Aclonica Regular.ttf */; };
/* End PBXBuildFile section */

/* Begin PBXContainerItemProxy section */
		00E356F41AD99517003FC87E /* PBXContainerItemProxy */ = {
			isa = PBXContainerItemProxy;
			containerPortal = 83CBB9F71A601CBA00E9B192 /* Project object */;
			proxyType = 1;
			remoteGlobalIDString = 13B07F861A680F5B00A75B9A;
			remoteInfo = SimpleHabitTracker;
		};
/* End PBXContainerItemProxy section */

/* Begin PBXFileReference section */
		00E356EE1AD99517003FC87E /* SimpleHabitTrackerTests.xctest */ = {isa = PBXFileReference; explicitFileType = wrapper.cfbundle; includeInIndex = 0; path = SimpleHabitTrackerTests.xctest; sourceTree = BUILT_PRODUCTS_DIR; };
		00E356F11AD99517003FC87E /* Info.plist */ = {isa = PBXFileReference; lastKnownFileType = text.plist.xml; path = Info.plist; sourceTree = "<group>"; };
		00E356F21AD99517003FC87E /* SimpleHabitTrackerTests.m */ = {isa = PBXFileReference; lastKnownFileType = sourcecode.c.objc; path = SimpleHabitTrackerTests.m; sourceTree = "<group>"; };
		13B07F961A680F5B00A75B9A /* SimpleHabitTracker.app */ = {isa = PBXFileReference; explicitFileType = wrapper.application; includeInIndex = 0; path = SimpleHabitTracker.app; sourceTree = BUILT_PRODUCTS_DIR; };
		13B07FAF1A68108700A75B9A /* AppDelegate.h */ = {isa = PBXFileReference; fileEncoding = 4; lastKnownFileType = sourcecode.c.h; name = AppDelegate.h; path = SimpleHabitTracker/AppDelegate.h; sourceTree = "<group>"; };
		13B07FB01A68108700A75B9A /* AppDelegate.mm */ = {isa = PBXFileReference; fileEncoding = 4; lastKnownFileType = sourcecode.cpp.objcpp; name = AppDelegate.mm; path = SimpleHabitTracker/AppDelegate.mm; sourceTree = "<group>"; };
		13B07FB51A68108700A75B9A /* Images.xcassets */ = {isa = PBXFileReference; lastKnownFileType = folder.assetcatalog; name = Images.xcassets; path = SimpleHabitTracker/Images.xcassets; sourceTree = "<group>"; };
		13B07FB61A68108700A75B9A /* Info.plist */ = {isa = PBXFileReference; fileEncoding = 4; lastKnownFileType = text.plist.xml; name = Info.plist; path = SimpleHabitTracker/Info.plist; sourceTree = "<group>"; };
		13B07FB71A68108700A75B9A /* main.m */ = {isa = PBXFileReference; fileEncoding = 4; lastKnownFileType = sourcecode.c.objc; name = main.m; path = SimpleHabitTracker/main.m; sourceTree = "<group>"; };
		13B07FB81A68108700A75B9A /* PrivacyInfo.xcprivacy */ = {isa = PBXFileReference; fileEncoding = 4; lastKnownFileType = text.plist.xml; name = PrivacyInfo.xcprivacy; path = SimpleHabitTracker/PrivacyInfo.xcprivacy; sourceTree = "<group>"; };
		19F6CBCC0A4E27FBF8BF4A61 /* libPods-SimpleHabitTracker-SimpleHabitTrackerTests.a */ = {isa = PBXFileReference; explicitFileType = archive.ar; includeInIndex = 0; path = "libPods-SimpleHabitTracker-SimpleHabitTrackerTests.a"; sourceTree = BUILT_PRODUCTS_DIR; };
		3B4392A12AC88292D35C810B /* Pods-SimpleHabitTracker.debug.xcconfig */ = {isa = PBXFileReference; includeInIndex = 1; lastKnownFileType = text.xcconfig; name = "Pods-SimpleHabitTracker.debug.xcconfig"; path = "Target Support Files/Pods-SimpleHabitTracker/Pods-SimpleHabitTracker.debug.xcconfig"; sourceTree = "<group>"; };
		5709B34CF0A7D63546082F79 /* Pods-SimpleHabitTracker.release.xcconfig */ = {isa = PBXFileReference; includeInIndex = 1; lastKnownFileType = text.xcconfig; name = "Pods-SimpleHabitTracker.release.xcconfig"; path = "Target Support Files/Pods-SimpleHabitTracker/Pods-SimpleHabitTracker.release.xcconfig"; sourceTree = "<group>"; };
		5B7EB9410499542E8C5724F5 /* Pods-SimpleHabitTracker-SimpleHabitTrackerTests.debug.xcconfig */ = {isa = PBXFileReference; includeInIndex = 1; lastKnownFileType = text.xcconfig; name = "Pods-SimpleHabitTracker-SimpleHabitTrackerTests.debug.xcconfig"; path = "Target Support Files/Pods-SimpleHabitTracker-SimpleHabitTrackerTests/Pods-SimpleHabitTracker-SimpleHabitTrackerTests.debug.xcconfig"; sourceTree = "<group>"; };
		5DCACB8F33CDC322A6C60F78 /* libPods-SimpleHabitTracker.a */ = {isa = PBXFileReference; explicitFileType = archive.ar; includeInIndex = 0; path = "libPods-SimpleHabitTracker.a"; sourceTree = BUILT_PRODUCTS_DIR; };
		81AB9BB72411601600AC10FF /* LaunchScreen.storyboard */ = {isa = PBXFileReference; fileEncoding = 4; lastKnownFileType = file.storyboard; name = LaunchScreen.storyboard; path = SimpleHabitTracker/LaunchScreen.storyboard; sourceTree = "<group>"; };
		89C6BE57DB24E9ADA2F236DE /* Pods-SimpleHabitTracker-SimpleHabitTrackerTests.release.xcconfig */ = {isa = PBXFileReference; includeInIndex = 1; lastKnownFileType = text.xcconfig; name = "Pods-SimpleHabitTracker-SimpleHabitTrackerTests.release.xcconfig"; path = "Target Support Files/Pods-SimpleHabitTracker-SimpleHabitTrackerTests/Pods-SimpleHabitTracker-SimpleHabitTrackerTests.release.xcconfig"; sourceTree = "<group>"; };
		ED297162215061F000B7C4FE /* JavaScriptCore.framework */ = {isa = PBXFileReference; lastKnownFileType = wrapper.framework; name = JavaScriptCore.framework; path = System/Library/Frameworks/JavaScriptCore.framework; sourceTree = SDKROOT; };
		D2ACCEEBA72C427E879E366D /* Inter-Italic-VariableFont_opsz,wght.ttf */ = {isa = PBXFileReference; name = "Inter-Italic-VariableFont_opsz,wght.ttf"; path = "../assets/fonts/Inter/Inter-Italic-VariableFont_opsz,wght.ttf"; sourceTree = "<group>"; fileEncoding = undefined; lastKnownFileType = unknown; explicitFileType = undefined; includeInIndex = 0; };
		66DA62D28DFC45EDAB607B9E /* Inter-VariableFont_opsz,wght.ttf */ = {isa = PBXFileReference; name = "Inter-VariableFont_opsz,wght.ttf"; path = "../assets/fonts/Inter/Inter-VariableFont_opsz,wght.ttf"; sourceTree = "<group>"; fileEncoding = undefined; lastKnownFileType = unknown; explicitFileType = undefined; includeInIndex = 0; };
		8729D0B7FE2847848B8B55E7 /* Inter_18pt-Black.ttf */ = {isa = PBXFileReference; name = "Inter_18pt-Black.ttf"; path = "../assets/fonts/Inter/static/Inter_18pt-Black.ttf"; sourceTree = "<group>"; fileEncoding = undefined; lastKnownFileType = unknown; explicitFileType = undefined; includeInIndex = 0; };
		0C6B5A70E0F642ED890855F8 /* Inter_18pt-BlackItalic.ttf */ = {isa = PBXFileReference; name = "Inter_18pt-BlackItalic.ttf"; path = "../assets/fonts/Inter/static/Inter_18pt-BlackItalic.ttf"; sourceTree = "<group>"; fileEncoding = undefined; lastKnownFileType = unknown; explicitFileType = undefined; includeInIndex = 0; };
		794BD6CD726B4611B77469C1 /* Inter_18pt-Bold.ttf */ = {isa = PBXFileReference; name = "Inter_18pt-Bold.ttf"; path = "../assets/fonts/Inter/static/Inter_18pt-Bold.ttf"; sourceTree = "<group>"; fileEncoding = undefined; lastKnownFileType = unknown; explicitFileType = undefined; includeInIndex = 0; };
		98ADF0C0A5A44D94B8E626F3 /* Inter_18pt-BoldItalic.ttf */ = {isa = PBXFileReference; name = "Inter_18pt-BoldItalic.ttf"; path = "../assets/fonts/Inter/static/Inter_18pt-BoldItalic.ttf"; sourceTree = "<group>"; fileEncoding = undefined; lastKnownFileType = unknown; explicitFileType = undefined; includeInIndex = 0; };
		9335B13983694B98B7B979F8 /* Inter_18pt-ExtraBold.ttf */ = {isa = PBXFileReference; name = "Inter_18pt-ExtraBold.ttf"; path = "../assets/fonts/Inter/static/Inter_18pt-ExtraBold.ttf"; sourceTree = "<group>"; fileEncoding = undefined; lastKnownFileType = unknown; explicitFileType = undefined; includeInIndex = 0; };
		E5EB267C84F54364A0ED6A14 /* Inter_18pt-ExtraBoldItalic.ttf */ = {isa = PBXFileReference; name = "Inter_18pt-ExtraBoldItalic.ttf"; path = "../assets/fonts/Inter/static/Inter_18pt-ExtraBoldItalic.ttf"; sourceTree = "<group>"; fileEncoding = undefined; lastKnownFileType = unknown; explicitFileType = undefined; includeInIndex = 0; };
		ADE0DE7E13A54D978E91A92B /* Inter_18pt-ExtraLight.ttf */ = {isa = PBXFileReference; name = "Inter_18pt-ExtraLight.ttf"; path = "../assets/fonts/Inter/static/Inter_18pt-ExtraLight.ttf"; sourceTree = "<group>"; fileEncoding = undefined; lastKnownFileType = unknown; explicitFileType = undefined; includeInIndex = 0; };
		CDA2D43CA6BD44DA832A6DCD /* Inter_18pt-ExtraLightItalic.ttf */ = {isa = PBXFileReference; name = "Inter_18pt-ExtraLightItalic.ttf"; path = "../assets/fonts/Inter/static/Inter_18pt-ExtraLightItalic.ttf"; sourceTree = "<group>"; fileEncoding = undefined; lastKnownFileType = unknown; explicitFileType = undefined; includeInIndex = 0; };
		484D5ABCE461409DA875C80A /* Inter_18pt-Italic.ttf */ = {isa = PBXFileReference; name = "Inter_18pt-Italic.ttf"; path = "../assets/fonts/Inter/static/Inter_18pt-Italic.ttf"; sourceTree = "<group>"; fileEncoding = undefined; lastKnownFileType = unknown; explicitFileType = undefined; includeInIndex = 0; };
		68CC66582B9C4D5A845D691B /* Inter_18pt-Light.ttf */ = {isa = PBXFileReference; name = "Inter_18pt-Light.ttf"; path = "../assets/fonts/Inter/static/Inter_18pt-Light.ttf"; sourceTree = "<group>"; fileEncoding = undefined; lastKnownFileType = unknown; explicitFileType = undefined; includeInIndex = 0; };
		98380A8AE6974023AF6AB0F5 /* Inter_18pt-LightItalic.ttf */ = {isa = PBXFileReference; name = "Inter_18pt-LightItalic.ttf"; path = "../assets/fonts/Inter/static/Inter_18pt-LightItalic.ttf"; sourceTree = "<group>"; fileEncoding = undefined; lastKnownFileType = unknown; explicitFileType = undefined; includeInIndex = 0; };
		173968AE77E04CE3A8129130 /* Inter_18pt-Medium.ttf */ = {isa = PBXFileReference; name = "Inter_18pt-Medium.ttf"; path = "../assets/fonts/Inter/static/Inter_18pt-Medium.ttf"; sourceTree = "<group>"; fileEncoding = undefined; lastKnownFileType = unknown; explicitFileType = undefined; includeInIndex = 0; };
		81CF68E392B44C30AB5C3822 /* Inter_18pt-MediumItalic.ttf */ = {isa = PBXFileReference; name = "Inter_18pt-MediumItalic.ttf"; path = "../assets/fonts/Inter/static/Inter_18pt-MediumItalic.ttf"; sourceTree = "<group>"; fileEncoding = undefined; lastKnownFileType = unknown; explicitFileType = undefined; includeInIndex = 0; };
		F2B9C85DCE544BB6B7581FE1 /* Inter_18pt-Regular.ttf */ = {isa = PBXFileReference; name = "Inter_18pt-Regular.ttf"; path = "../assets/fonts/Inter/static/Inter_18pt-Regular.ttf"; sourceTree = "<group>"; fileEncoding = undefined; lastKnownFileType = unknown; explicitFileType = undefined; includeInIndex = 0; };
		E7F3FFB8963F40DEB4B36D71 /* Inter_18pt-SemiBold.ttf */ = {isa = PBXFileReference; name = "Inter_18pt-SemiBold.ttf"; path = "../assets/fonts/Inter/static/Inter_18pt-SemiBold.ttf"; sourceTree = "<group>"; fileEncoding = undefined; lastKnownFileType = unknown; explicitFileType = undefined; includeInIndex = 0; };
		89775C4CA84E4229868578F6 /* Inter_18pt-SemiBoldItalic.ttf */ = {isa = PBXFileReference; name = "Inter_18pt-SemiBoldItalic.ttf"; path = "../assets/fonts/Inter/static/Inter_18pt-SemiBoldItalic.ttf"; sourceTree = "<group>"; fileEncoding = undefined; lastKnownFileType = unknown; explicitFileType = undefined; includeInIndex = 0; };
		718FFBC7FE0A43CF8F188627 /* Inter_18pt-Thin.ttf */ = {isa = PBXFileReference; name = "Inter_18pt-Thin.ttf"; path = "../assets/fonts/Inter/static/Inter_18pt-Thin.ttf"; sourceTree = "<group>"; fileEncoding = undefined; lastKnownFileType = unknown; explicitFileType = undefined; includeInIndex = 0; };
		526FDEB153C34D91963CB9FA /* Inter_18pt-ThinItalic.ttf */ = {isa = PBXFileReference; name = "Inter_18pt-ThinItalic.ttf"; path = "../assets/fonts/Inter/static/Inter_18pt-ThinItalic.ttf"; sourceTree = "<group>"; fileEncoding = undefined; lastKnownFileType = unknown; explicitFileType = undefined; includeInIndex = 0; };
		E288AA5A9E3745CE8A1A0B6E /* Inter_24pt-Black.ttf */ = {isa = PBXFileReference; name = "Inter_24pt-Black.ttf"; path = "../assets/fonts/Inter/static/Inter_24pt-Black.ttf"; sourceTree = "<group>"; fileEncoding = undefined; lastKnownFileType = unknown; explicitFileType = undefined; includeInIndex = 0; };
		FB1F8F8C60A84B78A0AE7BAF /* Inter_24pt-BlackItalic.ttf */ = {isa = PBXFileReference; name = "Inter_24pt-BlackItalic.ttf"; path = "../assets/fonts/Inter/static/Inter_24pt-BlackItalic.ttf"; sourceTree = "<group>"; fileEncoding = undefined; lastKnownFileType = unknown; explicitFileType = undefined; includeInIndex = 0; };
		6CA65059E6084B3EB3185DD9 /* Inter_24pt-Bold.ttf */ = {isa = PBXFileReference; name = "Inter_24pt-Bold.ttf"; path = "../assets/fonts/Inter/static/Inter_24pt-Bold.ttf"; sourceTree = "<group>"; fileEncoding = undefined; lastKnownFileType = unknown; explicitFileType = undefined; includeInIndex = 0; };
		F2408214F40E49DCA2C91002 /* Inter_24pt-BoldItalic.ttf */ = {isa = PBXFileReference; name = "Inter_24pt-BoldItalic.ttf"; path = "../assets/fonts/Inter/static/Inter_24pt-BoldItalic.ttf"; sourceTree = "<group>"; fileEncoding = undefined; lastKnownFileType = unknown; explicitFileType = undefined; includeInIndex = 0; };
		76905C11BEAE4919A0EEA95D /* Inter_24pt-ExtraBold.ttf */ = {isa = PBXFileReference; name = "Inter_24pt-ExtraBold.ttf"; path = "../assets/fonts/Inter/static/Inter_24pt-ExtraBold.ttf"; sourceTree = "<group>"; fileEncoding = undefined; lastKnownFileType = unknown; explicitFileType = undefined; includeInIndex = 0; };
		01F96D1968F64E0EAD37C9BA /* Inter_24pt-ExtraBoldItalic.ttf */ = {isa = PBXFileReference; name = "Inter_24pt-ExtraBoldItalic.ttf"; path = "../assets/fonts/Inter/static/Inter_24pt-ExtraBoldItalic.ttf"; sourceTree = "<group>"; fileEncoding = undefined; lastKnownFileType = unknown; explicitFileType = undefined; includeInIndex = 0; };
		FD0B1A43A02A46C58F5E8F3E /* Inter_24pt-ExtraLight.ttf */ = {isa = PBXFileReference; name = "Inter_24pt-ExtraLight.ttf"; path = "../assets/fonts/Inter/static/Inter_24pt-ExtraLight.ttf"; sourceTree = "<group>"; fileEncoding = undefined; lastKnownFileType = unknown; explicitFileType = undefined; includeInIndex = 0; };
		BAC2A5C51C6648E3AB5FE4CF /* Inter_24pt-ExtraLightItalic.ttf */ = {isa = PBXFileReference; name = "Inter_24pt-ExtraLightItalic.ttf"; path = "../assets/fonts/Inter/static/Inter_24pt-ExtraLightItalic.ttf"; sourceTree = "<group>"; fileEncoding = undefined; lastKnownFileType = unknown; explicitFileType = undefined; includeInIndex = 0; };
		F9A3F2652B2F4A91B5A70C0B /* Inter_24pt-Italic.ttf */ = {isa = PBXFileReference; name = "Inter_24pt-Italic.ttf"; path = "../assets/fonts/Inter/static/Inter_24pt-Italic.ttf"; sourceTree = "<group>"; fileEncoding = undefined; lastKnownFileType = unknown; explicitFileType = undefined; includeInIndex = 0; };
		2C2D880D43254C4FA8930E24 /* Inter_24pt-Light.ttf */ = {isa = PBXFileReference; name = "Inter_24pt-Light.ttf"; path = "../assets/fonts/Inter/static/Inter_24pt-Light.ttf"; sourceTree = "<group>"; fileEncoding = undefined; lastKnownFileType = unknown; explicitFileType = undefined; includeInIndex = 0; };
		DD5D4B81C6CD4F3DA0260914 /* Inter_24pt-LightItalic.ttf */ = {isa = PBXFileReference; name = "Inter_24pt-LightItalic.ttf"; path = "../assets/fonts/Inter/static/Inter_24pt-LightItalic.ttf"; sourceTree = "<group>"; fileEncoding = undefined; lastKnownFileType = unknown; explicitFileType = undefined; includeInIndex = 0; };
		3AFC1C94F77A473B8705D0E7 /* Inter_24pt-Medium.ttf */ = {isa = PBXFileReference; name = "Inter_24pt-Medium.ttf"; path = "../assets/fonts/Inter/static/Inter_24pt-Medium.ttf"; sourceTree = "<group>"; fileEncoding = undefined; lastKnownFileType = unknown; explicitFileType = undefined; includeInIndex = 0; };
		76B29A42EFD64ED78CAFB5A0 /* Inter_24pt-MediumItalic.ttf */ = {isa = PBXFileReference; name = "Inter_24pt-MediumItalic.ttf"; path = "../assets/fonts/Inter/static/Inter_24pt-MediumItalic.ttf"; sourceTree = "<group>"; fileEncoding = undefined; lastKnownFileType = unknown; explicitFileType = undefined; includeInIndex = 0; };
		807F2B1CC9E84186A313C0D1 /* Inter_24pt-Regular.ttf */ = {isa = PBXFileReference; name = "Inter_24pt-Regular.ttf"; path = "../assets/fonts/Inter/static/Inter_24pt-Regular.ttf"; sourceTree = "<group>"; fileEncoding = undefined; lastKnownFileType = unknown; explicitFileType = undefined; includeInIndex = 0; };
		2F334E4137224970AC48377B /* Inter_24pt-SemiBold.ttf */ = {isa = PBXFileReference; name = "Inter_24pt-SemiBold.ttf"; path = "../assets/fonts/Inter/static/Inter_24pt-SemiBold.ttf"; sourceTree = "<group>"; fileEncoding = undefined; lastKnownFileType = unknown; explicitFileType = undefined; includeInIndex = 0; };
		80F43AB9B92341808BBD69BB /* Inter_24pt-SemiBoldItalic.ttf */ = {isa = PBXFileReference; name = "Inter_24pt-SemiBoldItalic.ttf"; path = "../assets/fonts/Inter/static/Inter_24pt-SemiBoldItalic.ttf"; sourceTree = "<group>"; fileEncoding = undefined; lastKnownFileType = unknown; explicitFileType = undefined; includeInIndex = 0; };
		993DB070952D4C9FB57C10B0 /* Inter_24pt-Thin.ttf */ = {isa = PBXFileReference; name = "Inter_24pt-Thin.ttf"; path = "../assets/fonts/Inter/static/Inter_24pt-Thin.ttf"; sourceTree = "<group>"; fileEncoding = undefined; lastKnownFileType = unknown; explicitFileType = undefined; includeInIndex = 0; };
		64E19FC6D7FE45FCA1192AC5 /* Inter_24pt-ThinItalic.ttf */ = {isa = PBXFileReference; name = "Inter_24pt-ThinItalic.ttf"; path = "../assets/fonts/Inter/static/Inter_24pt-ThinItalic.ttf"; sourceTree = "<group>"; fileEncoding = undefined; lastKnownFileType = unknown; explicitFileType = undefined; includeInIndex = 0; };
		317526863FEE482796E6C0DB /* Inter_28pt-Black.ttf */ = {isa = PBXFileReference; name = "Inter_28pt-Black.ttf"; path = "../assets/fonts/Inter/static/Inter_28pt-Black.ttf"; sourceTree = "<group>"; fileEncoding = undefined; lastKnownFileType = unknown; explicitFileType = undefined; includeInIndex = 0; };
		F4512C4B1C654DE8BB460A90 /* Inter_28pt-BlackItalic.ttf */ = {isa = PBXFileReference; name = "Inter_28pt-BlackItalic.ttf"; path = "../assets/fonts/Inter/static/Inter_28pt-BlackItalic.ttf"; sourceTree = "<group>"; fileEncoding = undefined; lastKnownFileType = unknown; explicitFileType = undefined; includeInIndex = 0; };
		D4BF735787344343A77EB1E5 /* Inter_28pt-Bold.ttf */ = {isa = PBXFileReference; name = "Inter_28pt-Bold.ttf"; path = "../assets/fonts/Inter/static/Inter_28pt-Bold.ttf"; sourceTree = "<group>"; fileEncoding = undefined; lastKnownFileType = unknown; explicitFileType = undefined; includeInIndex = 0; };
		BFBE5E8B758B4A7FAB7879E8 /* Inter_28pt-BoldItalic.ttf */ = {isa = PBXFileReference; name = "Inter_28pt-BoldItalic.ttf"; path = "../assets/fonts/Inter/static/Inter_28pt-BoldItalic.ttf"; sourceTree = "<group>"; fileEncoding = undefined; lastKnownFileType = unknown; explicitFileType = undefined; includeInIndex = 0; };
		DE97CC54E50D4138A1371B66 /* Inter_28pt-ExtraBold.ttf */ = {isa = PBXFileReference; name = "Inter_28pt-ExtraBold.ttf"; path = "../assets/fonts/Inter/static/Inter_28pt-ExtraBold.ttf"; sourceTree = "<group>"; fileEncoding = undefined; lastKnownFileType = unknown; explicitFileType = undefined; includeInIndex = 0; };
		5CF29B3F3E6D41AD9BA21F1B /* Inter_28pt-ExtraBoldItalic.ttf */ = {isa = PBXFileReference; name = "Inter_28pt-ExtraBoldItalic.ttf"; path = "../assets/fonts/Inter/static/Inter_28pt-ExtraBoldItalic.ttf"; sourceTree = "<group>"; fileEncoding = undefined; lastKnownFileType = unknown; explicitFileType = undefined; includeInIndex = 0; };
		D32A0EB94E6340F591B951BE /* Inter_28pt-ExtraLight.ttf */ = {isa = PBXFileReference; name = "Inter_28pt-ExtraLight.ttf"; path = "../assets/fonts/Inter/static/Inter_28pt-ExtraLight.ttf"; sourceTree = "<group>"; fileEncoding = undefined; lastKnownFileType = unknown; explicitFileType = undefined; includeInIndex = 0; };
		151D8FFDC08E447DACDEA77E /* Inter_28pt-ExtraLightItalic.ttf */ = {isa = PBXFileReference; name = "Inter_28pt-ExtraLightItalic.ttf"; path = "../assets/fonts/Inter/static/Inter_28pt-ExtraLightItalic.ttf"; sourceTree = "<group>"; fileEncoding = undefined; lastKnownFileType = unknown; explicitFileType = undefined; includeInIndex = 0; };
		CC2570B0E37C43F1A00E6B89 /* Inter_28pt-Italic.ttf */ = {isa = PBXFileReference; name = "Inter_28pt-Italic.ttf"; path = "../assets/fonts/Inter/static/Inter_28pt-Italic.ttf"; sourceTree = "<group>"; fileEncoding = undefined; lastKnownFileType = unknown; explicitFileType = undefined; includeInIndex = 0; };
		556E1180D9BE48BDB2446B97 /* Inter_28pt-Light.ttf */ = {isa = PBXFileReference; name = "Inter_28pt-Light.ttf"; path = "../assets/fonts/Inter/static/Inter_28pt-Light.ttf"; sourceTree = "<group>"; fileEncoding = undefined; lastKnownFileType = unknown; explicitFileType = undefined; includeInIndex = 0; };
		B6933A61E44A45AEA4C83B52 /* Inter_28pt-LightItalic.ttf */ = {isa = PBXFileReference; name = "Inter_28pt-LightItalic.ttf"; path = "../assets/fonts/Inter/static/Inter_28pt-LightItalic.ttf"; sourceTree = "<group>"; fileEncoding = undefined; lastKnownFileType = unknown; explicitFileType = undefined; includeInIndex = 0; };
		945A333C5D304450B03B470D /* Inter_28pt-Medium.ttf */ = {isa = PBXFileReference; name = "Inter_28pt-Medium.ttf"; path = "../assets/fonts/Inter/static/Inter_28pt-Medium.ttf"; sourceTree = "<group>"; fileEncoding = undefined; lastKnownFileType = unknown; explicitFileType = undefined; includeInIndex = 0; };
		B04FED199E1546B9A25AB047 /* Inter_28pt-MediumItalic.ttf */ = {isa = PBXFileReference; name = "Inter_28pt-MediumItalic.ttf"; path = "../assets/fonts/Inter/static/Inter_28pt-MediumItalic.ttf"; sourceTree = "<group>"; fileEncoding = undefined; lastKnownFileType = unknown; explicitFileType = undefined; includeInIndex = 0; };
		6DD9CE31BF354AD5BFA6C17D /* Inter_28pt-Regular.ttf */ = {isa = PBXFileReference; name = "Inter_28pt-Regular.ttf"; path = "../assets/fonts/Inter/static/Inter_28pt-Regular.ttf"; sourceTree = "<group>"; fileEncoding = undefined; lastKnownFileType = unknown; explicitFileType = undefined; includeInIndex = 0; };
		2B7201B108AD40B3A9FBBD91 /* Inter_28pt-SemiBold.ttf */ = {isa = PBXFileReference; name = "Inter_28pt-SemiBold.ttf"; path = "../assets/fonts/Inter/static/Inter_28pt-SemiBold.ttf"; sourceTree = "<group>"; fileEncoding = undefined; lastKnownFileType = unknown; explicitFileType = undefined; includeInIndex = 0; };
		8BD793D3C98E49BC88C0CD62 /* Inter_28pt-SemiBoldItalic.ttf */ = {isa = PBXFileReference; name = "Inter_28pt-SemiBoldItalic.ttf"; path = "../assets/fonts/Inter/static/Inter_28pt-SemiBoldItalic.ttf"; sourceTree = "<group>"; fileEncoding = undefined; lastKnownFileType = unknown; explicitFileType = undefined; includeInIndex = 0; };
		A03D4EE8D9F042D2A35D4BBB /* Inter_28pt-Thin.ttf */ = {isa = PBXFileReference; name = "Inter_28pt-Thin.ttf"; path = "../assets/fonts/Inter/static/Inter_28pt-Thin.ttf"; sourceTree = "<group>"; fileEncoding = undefined; lastKnownFileType = unknown; explicitFileType = undefined; includeInIndex = 0; };
		C004762ED9E54A9F8D0F7573 /* Inter_28pt-ThinItalic.ttf */ = {isa = PBXFileReference; name = "Inter_28pt-ThinItalic.ttf"; path = "../assets/fonts/Inter/static/Inter_28pt-ThinItalic.ttf"; sourceTree = "<group>"; fileEncoding = undefined; lastKnownFileType = unknown; explicitFileType = undefined; includeInIndex = 0; };
		CE275C45743E408BB22D4206 /* OFL.txt */ = {isa = PBXFileReference; name = "OFL.txt"; path = "../assets/fonts/Inter/OFL.txt"; sourceTree = "<group>"; fileEncoding = undefined; lastKnownFileType = unknown; explicitFileType = undefined; includeInIndex = 0; };
		641D86ADB38D415888DB5C88 /* README.txt */ = {isa = PBXFileReference; name = "README.txt"; path = "../assets/fonts/Inter/README.txt"; sourceTree = "<group>"; fileEncoding = undefined; lastKnownFileType = unknown; explicitFileType = undefined; includeInIndex = 0; };
		AC881C4173DD4CFBB0766FF1 /* Aclonica-Regular.ttf */ = {isa = PBXFileReference; name = "Aclonica-Regular.ttf"; path = "../assets/fonts/Aclonica/Aclonica-Regular.ttf"; sourceTree = "<group>"; fileEncoding = undefined; lastKnownFileType = unknown; explicitFileType = undefined; includeInIndex = 0; };
		4077648922854CE5AF5AD5D3 /* Inter-Bold.ttf */ = {isa = PBXFileReference; name = "Inter-Bold.ttf"; path = "../assets/fonts/Inter-Bold.ttf"; sourceTree = "<group>"; fileEncoding = undefined; lastKnownFileType = unknown; explicitFileType = undefined; includeInIndex = 0; };
		76C509F17B914864AA7703AC /* Inter-Regular.ttf */ = {isa = PBXFileReference; name = "Inter-Regular.ttf"; path = "../assets/fonts/Inter-Regular.ttf"; sourceTree = "<group>"; fileEncoding = undefined; lastKnownFileType = unknown; explicitFileType = undefined; includeInIndex = 0; };
		CE721114DA8C49B3A332CDD3 /* Inter-Variable.ttf */ = {isa = PBXFileReference; name = "Inter-Variable.ttf"; path = "../assets/fonts/Inter-Variable.ttf"; sourceTree = "<group>"; fileEncoding = undefined; lastKnownFileType = unknown; explicitFileType = undefined; includeInIndex = 0; };
		B006CEFCAB994CCA9DD5BBDC /* LICENSE.txt */ = {isa = PBXFileReference; name = "LICENSE.txt"; path = "../assets/fonts/Aclonica/LICENSE.txt"; sourceTree = "<group>"; fileEncoding = undefined; lastKnownFileType = unknown; explicitFileType = undefined; includeInIndex = 0; };
		ED9554FF14404015BF6AE563 /* Aclonica Regular.ttf */ = {isa = PBXFileReference; name = "Aclonica Regular.ttf"; path = "../assets/fonts/Aclonica Regular.ttf"; sourceTree = "<group>"; fileEncoding = undefined; lastKnownFileType = unknown; explicitFileType = undefined; includeInIndex = 0; };
/* End PBXFileReference section */

/* Begin PBXFrameworksBuildPhase section */
		00E356EB1AD99517003FC87E /* Frameworks */ = {
			isa = PBXFrameworksBuildPhase;
			buildActionMask = 2147483647;
			files = (
				7699B88040F8A987B510C191 /* libPods-SimpleHabitTracker-SimpleHabitTrackerTests.a in Frameworks */,
			);
			runOnlyForDeploymentPostprocessing = 0;
		};
		13B07F8C1A680F5B00A75B9A /* Frameworks */ = {
			isa = PBXFrameworksBuildPhase;
			buildActionMask = 2147483647;
			files = (
				0C80B921A6F3F58F76C31292 /* libPods-SimpleHabitTracker.a in Frameworks */,
			);
			runOnlyForDeploymentPostprocessing = 0;
		};
/* End PBXFrameworksBuildPhase section */

/* Begin PBXGroup section */
		00E356EF1AD99517003FC87E /* SimpleHabitTrackerTests */ = {
			isa = PBXGroup;
			children = (
				00E356F21AD99517003FC87E /* SimpleHabitTrackerTests.m */,
				00E356F01AD99517003FC87E /* Supporting Files */,
			);
			path = SimpleHabitTrackerTests;
			sourceTree = "<group>";
		};
		00E356F01AD99517003FC87E /* Supporting Files */ = {
			isa = PBXGroup;
			children = (
				00E356F11AD99517003FC87E /* Info.plist */,
			);
			name = "Supporting Files";
			sourceTree = "<group>";
		};
		13B07FAE1A68108700A75B9A /* SimpleHabitTracker */ = {
			isa = PBXGroup;
			children = (
				13B07FAF1A68108700A75B9A /* AppDelegate.h */,
				13B07FB01A68108700A75B9A /* AppDelegate.mm */,
				13B07FB51A68108700A75B9A /* Images.xcassets */,
				13B07FB61A68108700A75B9A /* Info.plist */,
				81AB9BB72411601600AC10FF /* LaunchScreen.storyboard */,
				13B07FB71A68108700A75B9A /* main.m */,
				13B07FB81A68108700A75B9A /* PrivacyInfo.xcprivacy */,
			);
			name = SimpleHabitTracker;
			sourceTree = "<group>";
		};
		2D16E6871FA4F8E400B85C8A /* Frameworks */ = {
			isa = PBXGroup;
			children = (
				ED297162215061F000B7C4FE /* JavaScriptCore.framework */,
				5DCACB8F33CDC322A6C60F78 /* libPods-SimpleHabitTracker.a */,
				19F6CBCC0A4E27FBF8BF4A61 /* libPods-SimpleHabitTracker-SimpleHabitTrackerTests.a */,
			);
			name = Frameworks;
			sourceTree = "<group>";
		};
		832341AE1AAA6A7D00B99B32 /* Libraries */ = {
			isa = PBXGroup;
			children = (
			);
			name = Libraries;
			sourceTree = "<group>";
		};
		83CBB9F61A601CBA00E9B192 = {
			isa = PBXGroup;
			children = (
				13B07FAE1A68108700A75B9A /* SimpleHabitTracker */,
				832341AE1AAA6A7D00B99B32 /* Libraries */,
				00E356EF1AD99517003FC87E /* SimpleHabitTrackerTests */,
				83CBBA001A601CBA00E9B192 /* Products */,
				2D16E6871FA4F8E400B85C8A /* Frameworks */,
				BBD78D7AC51CEA395F1C20DB /* Pods */,
				8337CF24B4F94CB29828065D /* Resources */,
			);
			indentWidth = 2;
			sourceTree = "<group>";
			tabWidth = 2;
			usesTabs = 0;
		};
		83CBBA001A601CBA00E9B192 /* Products */ = {
			isa = PBXGroup;
			children = (
				13B07F961A680F5B00A75B9A /* SimpleHabitTracker.app */,
				00E356EE1AD99517003FC87E /* SimpleHabitTrackerTests.xctest */,
			);
			name = Products;
			sourceTree = "<group>";
		};
		BBD78D7AC51CEA395F1C20DB /* Pods */ = {
			isa = PBXGroup;
			children = (
				3B4392A12AC88292D35C810B /* Pods-SimpleHabitTracker.debug.xcconfig */,
				5709B34CF0A7D63546082F79 /* Pods-SimpleHabitTracker.release.xcconfig */,
				5B7EB9410499542E8C5724F5 /* Pods-SimpleHabitTracker-SimpleHabitTrackerTests.debug.xcconfig */,
				89C6BE57DB24E9ADA2F236DE /* Pods-SimpleHabitTracker-SimpleHabitTrackerTests.release.xcconfig */,
			);
			path = Pods;
			sourceTree = "<group>";
		};
		8337CF24B4F94CB29828065D /* Resources */ = {
			isa = "PBXGroup";
			children = (
				D2ACCEEBA72C427E879E366D /* Inter-Italic-VariableFont_opsz,wght.ttf */,
				66DA62D28DFC45EDAB607B9E /* Inter-VariableFont_opsz,wght.ttf */,
				8729D0B7FE2847848B8B55E7 /* Inter_18pt-Black.ttf */,
				0C6B5A70E0F642ED890855F8 /* Inter_18pt-BlackItalic.ttf */,
				794BD6CD726B4611B77469C1 /* Inter_18pt-Bold.ttf */,
				98ADF0C0A5A44D94B8E626F3 /* Inter_18pt-BoldItalic.ttf */,
				9335B13983694B98B7B979F8 /* Inter_18pt-ExtraBold.ttf */,
				E5EB267C84F54364A0ED6A14 /* Inter_18pt-ExtraBoldItalic.ttf */,
				ADE0DE7E13A54D978E91A92B /* Inter_18pt-ExtraLight.ttf */,
				CDA2D43CA6BD44DA832A6DCD /* Inter_18pt-ExtraLightItalic.ttf */,
				484D5ABCE461409DA875C80A /* Inter_18pt-Italic.ttf */,
				68CC66582B9C4D5A845D691B /* Inter_18pt-Light.ttf */,
				98380A8AE6974023AF6AB0F5 /* Inter_18pt-LightItalic.ttf */,
				173968AE77E04CE3A8129130 /* Inter_18pt-Medium.ttf */,
				81CF68E392B44C30AB5C3822 /* Inter_18pt-MediumItalic.ttf */,
				F2B9C85DCE544BB6B7581FE1 /* Inter_18pt-Regular.ttf */,
				E7F3FFB8963F40DEB4B36D71 /* Inter_18pt-SemiBold.ttf */,
				89775C4CA84E4229868578F6 /* Inter_18pt-SemiBoldItalic.ttf */,
				718FFBC7FE0A43CF8F188627 /* Inter_18pt-Thin.ttf */,
				526FDEB153C34D91963CB9FA /* Inter_18pt-ThinItalic.ttf */,
				E288AA5A9E3745CE8A1A0B6E /* Inter_24pt-Black.ttf */,
				FB1F8F8C60A84B78A0AE7BAF /* Inter_24pt-BlackItalic.ttf */,
				6CA65059E6084B3EB3185DD9 /* Inter_24pt-Bold.ttf */,
				F2408214F40E49DCA2C91002 /* Inter_24pt-BoldItalic.ttf */,
				76905C11BEAE4919A0EEA95D /* Inter_24pt-ExtraBold.ttf */,
				01F96D1968F64E0EAD37C9BA /* Inter_24pt-ExtraBoldItalic.ttf */,
				FD0B1A43A02A46C58F5E8F3E /* Inter_24pt-ExtraLight.ttf */,
				BAC2A5C51C6648E3AB5FE4CF /* Inter_24pt-ExtraLightItalic.ttf */,
				F9A3F2652B2F4A91B5A70C0B /* Inter_24pt-Italic.ttf */,
				2C2D880D43254C4FA8930E24 /* Inter_24pt-Light.ttf */,
				DD5D4B81C6CD4F3DA0260914 /* Inter_24pt-LightItalic.ttf */,
				3AFC1C94F77A473B8705D0E7 /* Inter_24pt-Medium.ttf */,
				76B29A42EFD64ED78CAFB5A0 /* Inter_24pt-MediumItalic.ttf */,
				807F2B1CC9E84186A313C0D1 /* Inter_24pt-Regular.ttf */,
				2F334E4137224970AC48377B /* Inter_24pt-SemiBold.ttf */,
				80F43AB9B92341808BBD69BB /* Inter_24pt-SemiBoldItalic.ttf */,
				993DB070952D4C9FB57C10B0 /* Inter_24pt-Thin.ttf */,
				64E19FC6D7FE45FCA1192AC5 /* Inter_24pt-ThinItalic.ttf */,
				317526863FEE482796E6C0DB /* Inter_28pt-Black.ttf */,
				F4512C4B1C654DE8BB460A90 /* Inter_28pt-BlackItalic.ttf */,
				D4BF735787344343A77EB1E5 /* Inter_28pt-Bold.ttf */,
				BFBE5E8B758B4A7FAB7879E8 /* Inter_28pt-BoldItalic.ttf */,
				DE97CC54E50D4138A1371B66 /* Inter_28pt-ExtraBold.ttf */,
				5CF29B3F3E6D41AD9BA21F1B /* Inter_28pt-ExtraBoldItalic.ttf */,
				D32A0EB94E6340F591B951BE /* Inter_28pt-ExtraLight.ttf */,
				151D8FFDC08E447DACDEA77E /* Inter_28pt-ExtraLightItalic.ttf */,
				CC2570B0E37C43F1A00E6B89 /* Inter_28pt-Italic.ttf */,
				556E1180D9BE48BDB2446B97 /* Inter_28pt-Light.ttf */,
				B6933A61E44A45AEA4C83B52 /* Inter_28pt-LightItalic.ttf */,
				945A333C5D304450B03B470D /* Inter_28pt-Medium.ttf */,
				B04FED199E1546B9A25AB047 /* Inter_28pt-MediumItalic.ttf */,
				6DD9CE31BF354AD5BFA6C17D /* Inter_28pt-Regular.ttf */,
				2B7201B108AD40B3A9FBBD91 /* Inter_28pt-SemiBold.ttf */,
				8BD793D3C98E49BC88C0CD62 /* Inter_28pt-SemiBoldItalic.ttf */,
				A03D4EE8D9F042D2A35D4BBB /* Inter_28pt-Thin.ttf */,
				C004762ED9E54A9F8D0F7573 /* Inter_28pt-ThinItalic.ttf */,
				CE275C45743E408BB22D4206 /* OFL.txt */,
				641D86ADB38D415888DB5C88 /* README.txt */,
				AC881C4173DD4CFBB0766FF1 /* Aclonica-Regular.ttf */,
				4077648922854CE5AF5AD5D3 /* Inter-Bold.ttf */,
				76C509F17B914864AA7703AC /* Inter-Regular.ttf */,
				CE721114DA8C49B3A332CDD3 /* Inter-Variable.ttf */,
				B006CEFCAB994CCA9DD5BBDC /* LICENSE.txt */,
				ED9554FF14404015BF6AE563 /* Aclonica Regular.ttf */,
			);
			name = Resources;
			sourceTree = "<group>";
			path = "";
		};
/* End PBXGroup section */

/* Begin PBXNativeTarget section */
		00E356ED1AD99517003FC87E /* SimpleHabitTrackerTests */ = {
			isa = PBXNativeTarget;
			buildConfigurationList = 00E357021AD99517003FC87E /* Build configuration list for PBXNativeTarget "SimpleHabitTrackerTests" */;
			buildPhases = (
				A55EABD7B0C7F3A422A6CC61 /* [CP] Check Pods Manifest.lock */,
				00E356EA1AD99517003FC87E /* Sources */,
				00E356EB1AD99517003FC87E /* Frameworks */,
				00E356EC1AD99517003FC87E /* Resources */,
				C59DA0FBD6956966B86A3779 /* [CP] Embed Pods Frameworks */,
				F6A41C54EA430FDDC6A6ED99 /* [CP] Copy Pods Resources */,
			);
			buildRules = (
			);
			dependencies = (
				00E356F51AD99517003FC87E /* PBXTargetDependency */,
			);
			name = SimpleHabitTrackerTests;
			productName = SimpleHabitTrackerTests;
			productReference = 00E356EE1AD99517003FC87E /* SimpleHabitTrackerTests.xctest */;
			productType = "com.apple.product-type.bundle.unit-test";
		};
		13B07F861A680F5B00A75B9A /* SimpleHabitTracker */ = {
			isa = PBXNativeTarget;
			buildConfigurationList = 13B07F931A680F5B00A75B9A /* Build configuration list for PBXNativeTarget "SimpleHabitTracker" */;
			buildPhases = (
				C38B50BA6285516D6DCD4F65 /* [CP] Check Pods Manifest.lock */,
				13B07F871A680F5B00A75B9A /* Sources */,
				13B07F8C1A680F5B00A75B9A /* Frameworks */,
				13B07F8E1A680F5B00A75B9A /* Resources */,
				00DD1BFF1BD5951E006B06BC /* Bundle React Native code and images */,
				00EEFC60759A1932668264C0 /* [CP] Embed Pods Frameworks */,
				E235C05ADACE081382539298 /* [CP] Copy Pods Resources */,
			);
			buildRules = (
			);
			dependencies = (
			);
			name = SimpleHabitTracker;
			productName = SimpleHabitTracker;
			productReference = 13B07F961A680F5B00A75B9A /* SimpleHabitTracker.app */;
			productType = "com.apple.product-type.application";
		};
/* End PBXNativeTarget section */

/* Begin PBXProject section */
		83CBB9F71A601CBA00E9B192 /* Project object */ = {
			isa = PBXProject;
			attributes = {
				LastUpgradeCheck = 1210;
				TargetAttributes = {
					00E356ED1AD99517003FC87E = {
						CreatedOnToolsVersion = 6.2;
						TestTargetID = 13B07F861A680F5B00A75B9A;
					};
					13B07F861A680F5B00A75B9A = {
						LastSwiftMigration = 1120;
					};
				};
			};
			buildConfigurationList = 83CBB9FA1A601CBA00E9B192 /* Build configuration list for PBXProject "SimpleHabitTracker" */;
			compatibilityVersion = "Xcode 12.0";
			developmentRegion = en;
			hasScannedForEncodings = 0;
			knownRegions = (
				en,
				Base,
			);
			mainGroup = 83CBB9F61A601CBA00E9B192;
			productRefGroup = 83CBBA001A601CBA00E9B192 /* Products */;
			projectDirPath = "";
			projectRoot = "";
			targets = (
				13B07F861A680F5B00A75B9A /* SimpleHabitTracker */,
				00E356ED1AD99517003FC87E /* SimpleHabitTrackerTests */,
			);
		};
/* End PBXProject section */

/* Begin PBXResourcesBuildPhase section */
		00E356EC1AD99517003FC87E /* Resources */ = {
			isa = PBXResourcesBuildPhase;
			buildActionMask = 2147483647;
			files = (
			);
			runOnlyForDeploymentPostprocessing = 0;
		};
		13B07F8E1A680F5B00A75B9A /* Resources */ = {
			isa = PBXResourcesBuildPhase;
			buildActionMask = 2147483647;
			files = (
				81AB9BB82411601600AC10FF /* LaunchScreen.storyboard in Resources */,
				13B07FBF1A68108700A75B9A /* Images.xcassets in Resources */,
				FC691614DF6286B9E58B6BB8 /* PrivacyInfo.xcprivacy in Resources */,
				18BF0E94CD134F8FBA386344 /* Inter-Italic-VariableFont_opsz,wght.ttf in Resources */,
				2987E25A8D4646A4ADED94F9 /* Inter-VariableFont_opsz,wght.ttf in Resources */,
				CB5548118E584901AF5DF7F3 /* Inter_18pt-Black.ttf in Resources */,
				A04B774477934CA58CB77FEA /* Inter_18pt-BlackItalic.ttf in Resources */,
				C3366915B14C4EF493C9FCD4 /* Inter_18pt-Bold.ttf in Resources */,
				3294EE3A1E6043DBBDE2A815 /* Inter_18pt-BoldItalic.ttf in Resources */,
				1D3ABABA406D41729B1F4B60 /* Inter_18pt-ExtraBold.ttf in Resources */,
				BBDB110057B14C0CB898E49C /* Inter_18pt-ExtraBoldItalic.ttf in Resources */,
				1D98AD68A3474884B325519F /* Inter_18pt-ExtraLight.ttf in Resources */,
				3F03887FDE324CE3B7729554 /* Inter_18pt-ExtraLightItalic.ttf in Resources */,
				352F22D600D44A6B83E8E446 /* Inter_18pt-Italic.ttf in Resources */,
				A2987AD778A74507A709A214 /* Inter_18pt-Light.ttf in Resources */,
				956FD056095442AA956F91DE /* Inter_18pt-LightItalic.ttf in Resources */,
				84EB4BA4B5CC4466A605568B /* Inter_18pt-Medium.ttf in Resources */,
				67340631E3A94465AA3E69EC /* Inter_18pt-MediumItalic.ttf in Resources */,
				CF9CE96125E943C2982F4579 /* Inter_18pt-Regular.ttf in Resources */,
				451F90F90B0A4325BDDADB5D /* Inter_18pt-SemiBold.ttf in Resources */,
				30684CE564E6457B8A181286 /* Inter_18pt-SemiBoldItalic.ttf in Resources */,
				1D2FDF587A73459FA894896A /* Inter_18pt-Thin.ttf in Resources */,
				488E14F18585408CA6C825B5 /* Inter_18pt-ThinItalic.ttf in Resources */,
				3E77E5EE017C4A5C9936FCF7 /* Inter_24pt-Black.ttf in Resources */,
				A1A8DC59289A408598E43979 /* Inter_24pt-BlackItalic.ttf in Resources */,
				CF257F0728BF48DC85D6CBDE /* Inter_24pt-Bold.ttf in Resources */,
				E71114937E134819BA42F745 /* Inter_24pt-BoldItalic.ttf in Resources */,
				630894E2106241A6BFDB0030 /* Inter_24pt-ExtraBold.ttf in Resources */,
				FA1C3F2590B34C9BA7E49BFA /* Inter_24pt-ExtraBoldItalic.ttf in Resources */,
				83D21285F70C445EA2104B1C /* Inter_24pt-ExtraLight.ttf in Resources */,
				D3908321741340809CC70072 /* Inter_24pt-ExtraLightItalic.ttf in Resources */,
				92DAD99153354E34A16D3C7B /* Inter_24pt-Italic.ttf in Resources */,
				F935BBC39E47433F9D26584B /* Inter_24pt-Light.ttf in Resources */,
				BD639DD1DA604AC196E348CB /* Inter_24pt-LightItalic.ttf in Resources */,
				5E16E97C5C064A6FA2460B83 /* Inter_24pt-Medium.ttf in Resources */,
				8D937811159645F187ADCEFB /* Inter_24pt-MediumItalic.ttf in Resources */,
				FAAEB38AFFED4EA99972AED7 /* Inter_24pt-Regular.ttf in Resources */,
				4B9806E05B254812AD29BDB3 /* Inter_24pt-SemiBold.ttf in Resources */,
				68ED6D88CAF340D1B8746A69 /* Inter_24pt-SemiBoldItalic.ttf in Resources */,
				BFC7167B8AE9430D9BEEFA9B /* Inter_24pt-Thin.ttf in Resources */,
				3A2CF379932A4C1AB32A484F /* Inter_24pt-ThinItalic.ttf in Resources */,
				B29E9297847E498384D13315 /* Inter_28pt-Black.ttf in Resources */,
				D61AFA5FDCB04972B15EEB14 /* Inter_28pt-BlackItalic.ttf in Resources */,
				357EA842E8434C3282D34019 /* Inter_28pt-Bold.ttf in Resources */,
				F24BCF24A974414FA971A181 /* Inter_28pt-BoldItalic.ttf in Resources */,
				D89A95288E284D658D644D05 /* Inter_28pt-ExtraBold.ttf in Resources */,
				600EC0595050484B9B1183B8 /* Inter_28pt-ExtraBoldItalic.ttf in Resources */,
				6CB0E072AC894268B2D4E652 /* Inter_28pt-ExtraLight.ttf in Resources */,
				E726A3B3321D426CBB698A48 /* Inter_28pt-ExtraLightItalic.ttf in Resources */,
				A94F13D387E24ECA8F569CD2 /* Inter_28pt-Italic.ttf in Resources */,
				DD03C6E087314654A9FB95D9 /* Inter_28pt-Light.ttf in Resources */,
				96832ABF1E804543A49EBF3E /* Inter_28pt-LightItalic.ttf in Resources */,
				26E19002552E44DCBF869229 /* Inter_28pt-Medium.ttf in Resources */,
				83A0FD8DF5314B77AB9BA9F3 /* Inter_28pt-MediumItalic.ttf in Resources */,
				35B18E88BBF9458489400015 /* Inter_28pt-Regular.ttf in Resources */,
				DEB6FD5681EF4F5F94EC522C /* Inter_28pt-SemiBold.ttf in Resources */,
				03C63B42665840DE8A7C68DF /* Inter_28pt-SemiBoldItalic.ttf in Resources */,
				F0BD3D90B0254ECD89F89C01 /* Inter_28pt-Thin.ttf in Resources */,
				267FF6ED948C4D59AC31A26A /* Inter_28pt-ThinItalic.ttf in Resources */,
				A5B58DC259FF4D3D85621D1D /* OFL.txt in Resources */,
				881329BBDAA146C6AAF436D0 /* README.txt in Resources */,
				FC0E441C21144E0D9C51510C /* Aclonica-Regular.ttf in Resources */,
				7651E45D62A642FD8C9BD30D /* Inter-Bold.ttf in Resources */,
				7564B0C8823348D1B31EC7CF /* Inter-Regular.ttf in Resources */,
				DDF3308BCF4B481F84D9BBC1 /* Inter-Variable.ttf in Resources */,
				F4C326814C8C4EE78C7A80E2 /* LICENSE.txt in Resources */,
				BC287B70E7E742B6B24C6D86 /* Aclonica Regular.ttf in Resources */,
			);
			runOnlyForDeploymentPostprocessing = 0;
		};
/* End PBXResourcesBuildPhase section */

/* Begin PBXShellScriptBuildPhase section */
		00DD1BFF1BD5951E006B06BC /* Bundle React Native code and images */ = {
			isa = PBXShellScriptBuildPhase;
			buildActionMask = 2147483647;
			files = (
			);
			inputPaths = (
				"$(SRCROOT)/.xcode.env.local",
				"$(SRCROOT)/.xcode.env",
			);
			name = "Bundle React Native code and images";
			outputPaths = (
			);
			runOnlyForDeploymentPostprocessing = 0;
			shellPath = /bin/sh;
			shellScript = "set -e\n\nWITH_ENVIRONMENT=\"$REACT_NATIVE_PATH/scripts/xcode/with-environment.sh\"\nREACT_NATIVE_XCODE=\"$REACT_NATIVE_PATH/scripts/react-native-xcode.sh\"\n\n/bin/sh -c \"$WITH_ENVIRONMENT $REACT_NATIVE_XCODE\"\n";
		};
		00EEFC60759A1932668264C0 /* [CP] Embed Pods Frameworks */ = {
			isa = PBXShellScriptBuildPhase;
			buildActionMask = 2147483647;
			files = (
			);
			inputFileListPaths = (
				"${PODS_ROOT}/Target Support Files/Pods-SimpleHabitTracker/Pods-SimpleHabitTracker-frameworks-${CONFIGURATION}-input-files.xcfilelist",
			);
			name = "[CP] Embed Pods Frameworks";
			outputFileListPaths = (
				"${PODS_ROOT}/Target Support Files/Pods-SimpleHabitTracker/Pods-SimpleHabitTracker-frameworks-${CONFIGURATION}-output-files.xcfilelist",
			);
			runOnlyForDeploymentPostprocessing = 0;
			shellPath = /bin/sh;
			shellScript = "\"${PODS_ROOT}/Target Support Files/Pods-SimpleHabitTracker/Pods-SimpleHabitTracker-frameworks.sh\"\n";
			showEnvVarsInLog = 0;
		};
		A55EABD7B0C7F3A422A6CC61 /* [CP] Check Pods Manifest.lock */ = {
			isa = PBXShellScriptBuildPhase;
			buildActionMask = 2147483647;
			files = (
			);
			inputFileListPaths = (
			);
			inputPaths = (
				"${PODS_PODFILE_DIR_PATH}/Podfile.lock",
				"${PODS_ROOT}/Manifest.lock",
			);
			name = "[CP] Check Pods Manifest.lock";
			outputFileListPaths = (
			);
			outputPaths = (
				"$(DERIVED_FILE_DIR)/Pods-SimpleHabitTracker-SimpleHabitTrackerTests-checkManifestLockResult.txt",
			);
			runOnlyForDeploymentPostprocessing = 0;
			shellPath = /bin/sh;
			shellScript = "diff \"${PODS_PODFILE_DIR_PATH}/Podfile.lock\" \"${PODS_ROOT}/Manifest.lock\" > /dev/null\nif [ $? != 0 ] ; then\n    # print error to STDERR\n    echo \"error: The sandbox is not in sync with the Podfile.lock. Run 'pod install' or update your CocoaPods installation.\" >&2\n    exit 1\nfi\n# This output is used by Xcode 'outputs' to avoid re-running this script phase.\necho \"SUCCESS\" > \"${SCRIPT_OUTPUT_FILE_0}\"\n";
			showEnvVarsInLog = 0;
		};
		C38B50BA6285516D6DCD4F65 /* [CP] Check Pods Manifest.lock */ = {
			isa = PBXShellScriptBuildPhase;
			buildActionMask = 2147483647;
			files = (
			);
			inputFileListPaths = (
			);
			inputPaths = (
				"${PODS_PODFILE_DIR_PATH}/Podfile.lock",
				"${PODS_ROOT}/Manifest.lock",
			);
			name = "[CP] Check Pods Manifest.lock";
			outputFileListPaths = (
			);
			outputPaths = (
				"$(DERIVED_FILE_DIR)/Pods-SimpleHabitTracker-checkManifestLockResult.txt",
			);
			runOnlyForDeploymentPostprocessing = 0;
			shellPath = /bin/sh;
			shellScript = "diff \"${PODS_PODFILE_DIR_PATH}/Podfile.lock\" \"${PODS_ROOT}/Manifest.lock\" > /dev/null\nif [ $? != 0 ] ; then\n    # print error to STDERR\n    echo \"error: The sandbox is not in sync with the Podfile.lock. Run 'pod install' or update your CocoaPods installation.\" >&2\n    exit 1\nfi\n# This output is used by Xcode 'outputs' to avoid re-running this script phase.\necho \"SUCCESS\" > \"${SCRIPT_OUTPUT_FILE_0}\"\n";
			showEnvVarsInLog = 0;
		};
		C59DA0FBD6956966B86A3779 /* [CP] Embed Pods Frameworks */ = {
			isa = PBXShellScriptBuildPhase;
			buildActionMask = 2147483647;
			files = (
			);
			inputFileListPaths = (
				"${PODS_ROOT}/Target Support Files/Pods-SimpleHabitTracker-SimpleHabitTrackerTests/Pods-SimpleHabitTracker-SimpleHabitTrackerTests-frameworks-${CONFIGURATION}-input-files.xcfilelist",
			);
			name = "[CP] Embed Pods Frameworks";
			outputFileListPaths = (
				"${PODS_ROOT}/Target Support Files/Pods-SimpleHabitTracker-SimpleHabitTrackerTests/Pods-SimpleHabitTracker-SimpleHabitTrackerTests-frameworks-${CONFIGURATION}-output-files.xcfilelist",
			);
			runOnlyForDeploymentPostprocessing = 0;
			shellPath = /bin/sh;
			shellScript = "\"${PODS_ROOT}/Target Support Files/Pods-SimpleHabitTracker-SimpleHabitTrackerTests/Pods-SimpleHabitTracker-SimpleHabitTrackerTests-frameworks.sh\"\n";
			showEnvVarsInLog = 0;
		};
		E235C05ADACE081382539298 /* [CP] Copy Pods Resources */ = {
			isa = PBXShellScriptBuildPhase;
			buildActionMask = 2147483647;
			files = (
			);
			inputFileListPaths = (
				"${PODS_ROOT}/Target Support Files/Pods-SimpleHabitTracker/Pods-SimpleHabitTracker-resources-${CONFIGURATION}-input-files.xcfilelist",
			);
			name = "[CP] Copy Pods Resources";
			outputFileListPaths = (
				"${PODS_ROOT}/Target Support Files/Pods-SimpleHabitTracker/Pods-SimpleHabitTracker-resources-${CONFIGURATION}-output-files.xcfilelist",
			);
			runOnlyForDeploymentPostprocessing = 0;
			shellPath = /bin/sh;
			shellScript = "\"${PODS_ROOT}/Target Support Files/Pods-SimpleHabitTracker/Pods-SimpleHabitTracker-resources.sh\"\n";
			showEnvVarsInLog = 0;
		};
		F6A41C54EA430FDDC6A6ED99 /* [CP] Copy Pods Resources */ = {
			isa = PBXShellScriptBuildPhase;
			buildActionMask = 2147483647;
			files = (
			);
			inputFileListPaths = (
				"${PODS_ROOT}/Target Support Files/Pods-SimpleHabitTracker-SimpleHabitTrackerTests/Pods-SimpleHabitTracker-SimpleHabitTrackerTests-resources-${CONFIGURATION}-input-files.xcfilelist",
			);
			name = "[CP] Copy Pods Resources";
			outputFileListPaths = (
				"${PODS_ROOT}/Target Support Files/Pods-SimpleHabitTracker-SimpleHabitTrackerTests/Pods-SimpleHabitTracker-SimpleHabitTrackerTests-resources-${CONFIGURATION}-output-files.xcfilelist",
			);
			runOnlyForDeploymentPostprocessing = 0;
			shellPath = /bin/sh;
			shellScript = "\"${PODS_ROOT}/Target Support Files/Pods-SimpleHabitTracker-SimpleHabitTrackerTests/Pods-SimpleHabitTracker-SimpleHabitTrackerTests-resources.sh\"\n";
			showEnvVarsInLog = 0;
		};
/* End PBXShellScriptBuildPhase section */

/* Begin PBXSourcesBuildPhase section */
		00E356EA1AD99517003FC87E /* Sources */ = {
			isa = PBXSourcesBuildPhase;
			buildActionMask = 2147483647;
			files = (
				00E356F31AD99517003FC87E /* SimpleHabitTrackerTests.m in Sources */,
			);
			runOnlyForDeploymentPostprocessing = 0;
		};
		13B07F871A680F5B00A75B9A /* Sources */ = {
			isa = PBXSourcesBuildPhase;
			buildActionMask = 2147483647;
			files = (
				13B07FBC1A68108700A75B9A /* AppDelegate.mm in Sources */,
				13B07FC11A68108700A75B9A /* main.m in Sources */,
			);
			runOnlyForDeploymentPostprocessing = 0;
		};
/* End PBXSourcesBuildPhase section */

/* Begin PBXTargetDependency section */
		00E356F51AD99517003FC87E /* PBXTargetDependency */ = {
			isa = PBXTargetDependency;
			target = 13B07F861A680F5B00A75B9A /* SimpleHabitTracker */;
			targetProxy = 00E356F41AD99517003FC87E /* PBXContainerItemProxy */;
		};
/* End PBXTargetDependency section */

/* Begin XCBuildConfiguration section */
		00E356F61AD99517003FC87E /* Debug */ = {
			isa = XCBuildConfiguration;
			baseConfigurationReference = 5B7EB9410499542E8C5724F5 /* Pods-SimpleHabitTracker-SimpleHabitTrackerTests.debug.xcconfig */;
			buildSettings = {
				BUNDLE_LOADER = "$(TEST_HOST)";
				GCC_PREPROCESSOR_DEFINITIONS = (
					"DEBUG=1",
					"$(inherited)",
				);
				INFOPLIST_FILE = SimpleHabitTrackerTests/Info.plist;
				IPHONEOS_DEPLOYMENT_TARGET = 15.1;
				LD_RUNPATH_SEARCH_PATHS = (
					"$(inherited)",
					"@executable_path/Frameworks",
					"@loader_path/Frameworks",
				);
				OTHER_LDFLAGS = (
					"-ObjC",
					"-lc++",
					"$(inherited)",
				);
				PRODUCT_BUNDLE_IDENTIFIER = "org.reactjs.native.example.$(PRODUCT_NAME:rfc1034identifier)";
				PRODUCT_NAME = "$(TARGET_NAME)";
				TEST_HOST = "$(BUILT_PRODUCTS_DIR)/SimpleHabitTracker.app/SimpleHabitTracker";
			};
			name = Debug;
		};
		00E356F71AD99517003FC87E /* Release */ = {
			isa = XCBuildConfiguration;
			baseConfigurationReference = 89C6BE57DB24E9ADA2F236DE /* Pods-SimpleHabitTracker-SimpleHabitTrackerTests.release.xcconfig */;
			buildSettings = {
				BUNDLE_LOADER = "$(TEST_HOST)";
				COPY_PHASE_STRIP = NO;
				INFOPLIST_FILE = SimpleHabitTrackerTests/Info.plist;
				IPHONEOS_DEPLOYMENT_TARGET = 15.1;
				LD_RUNPATH_SEARCH_PATHS = (
					"$(inherited)",
					"@executable_path/Frameworks",
					"@loader_path/Frameworks",
				);
				OTHER_LDFLAGS = (
					"-ObjC",
					"-lc++",
					"$(inherited)",
				);
				PRODUCT_BUNDLE_IDENTIFIER = "org.reactjs.native.example.$(PRODUCT_NAME:rfc1034identifier)";
				PRODUCT_NAME = "$(TARGET_NAME)";
				TEST_HOST = "$(BUILT_PRODUCTS_DIR)/SimpleHabitTracker.app/SimpleHabitTracker";
			};
			name = Release;
		};
		13B07F941A680F5B00A75B9A /* Debug */ = {
			isa = XCBuildConfiguration;
			baseConfigurationReference = 3B4392A12AC88292D35C810B /* Pods-SimpleHabitTracker.debug.xcconfig */;
			buildSettings = {
				ASSETCATALOG_COMPILER_APPICON_NAME = AppIcon;
				CLANG_ENABLE_MODULES = YES;
				CURRENT_PROJECT_VERSION = 1;
				ENABLE_BITCODE = NO;
				INFOPLIST_FILE = SimpleHabitTracker/Info.plist;
				IPHONEOS_DEPLOYMENT_TARGET = 15.1;
				LD_RUNPATH_SEARCH_PATHS = (
					"$(inherited)",
					"@executable_path/Frameworks",
				);
				MARKETING_VERSION = 1.0;
				OTHER_LDFLAGS = (
					"$(inherited)",
					"-ObjC",
					"-lc++",
				);
				PRODUCT_BUNDLE_IDENTIFIER = "org.reactjs.native.example.$(PRODUCT_NAME:rfc1034identifier)";
				PRODUCT_NAME = SimpleHabitTracker;
				SWIFT_OPTIMIZATION_LEVEL = "-Onone";
				SWIFT_VERSION = 5.0;
				VERSIONING_SYSTEM = "apple-generic";
			};
			name = Debug;
		};
		13B07F951A680F5B00A75B9A /* Release */ = {
			isa = XCBuildConfiguration;
			baseConfigurationReference = 5709B34CF0A7D63546082F79 /* Pods-SimpleHabitTracker.release.xcconfig */;
			buildSettings = {
				ASSETCATALOG_COMPILER_APPICON_NAME = AppIcon;
				CLANG_ENABLE_MODULES = YES;
				CURRENT_PROJECT_VERSION = 1;
				INFOPLIST_FILE = SimpleHabitTracker/Info.plist;
				IPHONEOS_DEPLOYMENT_TARGET = 15.1;
				LD_RUNPATH_SEARCH_PATHS = (
					"$(inherited)",
					"@executable_path/Frameworks",
				);
				MARKETING_VERSION = 1.0;
				OTHER_LDFLAGS = (
					"$(inherited)",
					"-ObjC",
					"-lc++",
				);
				PRODUCT_BUNDLE_IDENTIFIER = "org.reactjs.native.example.$(PRODUCT_NAME:rfc1034identifier)";
				PRODUCT_NAME = SimpleHabitTracker;
				SWIFT_VERSION = 5.0;
				VERSIONING_SYSTEM = "apple-generic";
			};
			name = Release;
		};
		83CBBA201A601CBA00E9B192 /* Debug */ = {
			isa = XCBuildConfiguration;
			buildSettings = {
				ALWAYS_SEARCH_USER_PATHS = NO;
				CLANG_ANALYZER_LOCALIZABILITY_NONLOCALIZED = YES;
				CLANG_CXX_LANGUAGE_STANDARD = "c++20";
				CLANG_CXX_LIBRARY = "libc++";
				CLANG_ENABLE_MODULES = YES;
				CLANG_ENABLE_OBJC_ARC = YES;
				CLANG_WARN_BLOCK_CAPTURE_AUTORELEASING = YES;
				CLANG_WARN_BOOL_CONVERSION = YES;
				CLANG_WARN_COMMA = YES;
				CLANG_WARN_CONSTANT_CONVERSION = YES;
				CLANG_WARN_DEPRECATED_OBJC_IMPLEMENTATIONS = YES;
				CLANG_WARN_DIRECT_OBJC_ISA_USAGE = YES_ERROR;
				CLANG_WARN_EMPTY_BODY = YES;
				CLANG_WARN_ENUM_CONVERSION = YES;
				CLANG_WARN_INFINITE_RECURSION = YES;
				CLANG_WARN_INT_CONVERSION = YES;
				CLANG_WARN_NON_LITERAL_NULL_CONVERSION = YES;
				CLANG_WARN_OBJC_IMPLICIT_RETAIN_SELF = YES;
				CLANG_WARN_OBJC_LITERAL_CONVERSION = YES;
				CLANG_WARN_OBJC_ROOT_CLASS = YES_ERROR;
				CLANG_WARN_QUOTED_INCLUDE_IN_FRAMEWORK_HEADER = YES;
				CLANG_WARN_RANGE_LOOP_ANALYSIS = YES;
				CLANG_WARN_STRICT_PROTOTYPES = YES;
				CLANG_WARN_SUSPICIOUS_MOVE = YES;
				CLANG_WARN_UNREACHABLE_CODE = YES;
				CLANG_WARN__DUPLICATE_METHOD_MATCH = YES;
				"CODE_SIGN_IDENTITY[sdk=iphoneos*]" = "iPhone Developer";
				COPY_PHASE_STRIP = NO;
				ENABLE_STRICT_OBJC_MSGSEND = YES;
				ENABLE_TESTABILITY = YES;
				"EXCLUDED_ARCHS[sdk=iphonesimulator*]" = "";
				GCC_C_LANGUAGE_STANDARD = gnu99;
				GCC_DYNAMIC_NO_PIC = NO;
				GCC_NO_COMMON_BLOCKS = YES;
				GCC_OPTIMIZATION_LEVEL = 0;
				GCC_PREPROCESSOR_DEFINITIONS = (
					"DEBUG=1",
					"$(inherited)",
				);
				GCC_SYMBOLS_PRIVATE_EXTERN = NO;
				GCC_WARN_64_TO_32_BIT_CONVERSION = YES;
				GCC_WARN_ABOUT_RETURN_TYPE = YES_ERROR;
				GCC_WARN_UNDECLARED_SELECTOR = YES;
				GCC_WARN_UNINITIALIZED_AUTOS = YES_AGGRESSIVE;
				GCC_WARN_UNUSED_FUNCTION = YES;
				GCC_WARN_UNUSED_VARIABLE = YES;
				IPHONEOS_DEPLOYMENT_TARGET = 15.1;
				LD_RUNPATH_SEARCH_PATHS = (
					/usr/lib/swift,
					"$(inherited)",
				);
				LIBRARY_SEARCH_PATHS = (
					"\"$(SDKROOT)/usr/lib/swift\"",
					"\"$(TOOLCHAIN_DIR)/usr/lib/swift/$(PLATFORM_NAME)\"",
					"\"$(inherited)\"",
				);
				MTL_ENABLE_DEBUG_INFO = YES;
				ONLY_ACTIVE_ARCH = YES;
				OTHER_CPLUSPLUSFLAGS = (
					"$(OTHER_CFLAGS)",
					"-DFOLLY_NO_CONFIG",
					"-DFOLLY_MOBILE=1",
					"-DFOLLY_USE_LIBCPP=1",
					"-DFOLLY_CFG_NO_COROUTINES=1",
					"-DFOLLY_HAVE_CLOCK_GETTIME=1",
				);
				OTHER_LDFLAGS = (
					"$(inherited)",
					" ",
				);
				REACT_NATIVE_PATH = "${PODS_ROOT}/../../node_modules/react-native";
				SDKROOT = iphoneos;
				SWIFT_ACTIVE_COMPILATION_CONDITIONS = "$(inherited) DEBUG";
				USE_HERMES = true;
			};
			name = Debug;
		};
		83CBBA211A601CBA00E9B192 /* Release */ = {
			isa = XCBuildConfiguration;
			buildSettings = {
				ALWAYS_SEARCH_USER_PATHS = NO;
				CLANG_ANALYZER_LOCALIZABILITY_NONLOCALIZED = YES;
				CLANG_CXX_LANGUAGE_STANDARD = "c++20";
				CLANG_CXX_LIBRARY = "libc++";
				CLANG_ENABLE_MODULES = YES;
				CLANG_ENABLE_OBJC_ARC = YES;
				CLANG_WARN_BLOCK_CAPTURE_AUTORELEASING = YES;
				CLANG_WARN_BOOL_CONVERSION = YES;
				CLANG_WARN_COMMA = YES;
				CLANG_WARN_CONSTANT_CONVERSION = YES;
				CLANG_WARN_DEPRECATED_OBJC_IMPLEMENTATIONS = YES;
				CLANG_WARN_DIRECT_OBJC_ISA_USAGE = YES_ERROR;
				CLANG_WARN_EMPTY_BODY = YES;
				CLANG_WARN_ENUM_CONVERSION = YES;
				CLANG_WARN_INFINITE_RECURSION = YES;
				CLANG_WARN_INT_CONVERSION = YES;
				CLANG_WARN_NON_LITERAL_NULL_CONVERSION = YES;
				CLANG_WARN_OBJC_IMPLICIT_RETAIN_SELF = YES;
				CLANG_WARN_OBJC_LITERAL_CONVERSION = YES;
				CLANG_WARN_OBJC_ROOT_CLASS = YES_ERROR;
				CLANG_WARN_QUOTED_INCLUDE_IN_FRAMEWORK_HEADER = YES;
				CLANG_WARN_RANGE_LOOP_ANALYSIS = YES;
				CLANG_WARN_STRICT_PROTOTYPES = YES;
				CLANG_WARN_SUSPICIOUS_MOVE = YES;
				CLANG_WARN_UNREACHABLE_CODE = YES;
				CLANG_WARN__DUPLICATE_METHOD_MATCH = YES;
				"CODE_SIGN_IDENTITY[sdk=iphoneos*]" = "iPhone Developer";
				COPY_PHASE_STRIP = YES;
				ENABLE_NS_ASSERTIONS = NO;
				ENABLE_STRICT_OBJC_MSGSEND = YES;
				"EXCLUDED_ARCHS[sdk=iphonesimulator*]" = "";
				GCC_C_LANGUAGE_STANDARD = gnu99;
				GCC_NO_COMMON_BLOCKS = YES;
				GCC_WARN_64_TO_32_BIT_CONVERSION = YES;
				GCC_WARN_ABOUT_RETURN_TYPE = YES_ERROR;
				GCC_WARN_UNDECLARED_SELECTOR = YES;
				GCC_WARN_UNINITIALIZED_AUTOS = YES_AGGRESSIVE;
				GCC_WARN_UNUSED_FUNCTION = YES;
				GCC_WARN_UNUSED_VARIABLE = YES;
				IPHONEOS_DEPLOYMENT_TARGET = 15.1;
				LD_RUNPATH_SEARCH_PATHS = (
					/usr/lib/swift,
					"$(inherited)",
				);
				LIBRARY_SEARCH_PATHS = (
					"\"$(SDKROOT)/usr/lib/swift\"",
					"\"$(TOOLCHAIN_DIR)/usr/lib/swift/$(PLATFORM_NAME)\"",
					"\"$(inherited)\"",
				);
				MTL_ENABLE_DEBUG_INFO = NO;
				OTHER_CPLUSPLUSFLAGS = (
					"$(OTHER_CFLAGS)",
					"-DFOLLY_NO_CONFIG",
					"-DFOLLY_MOBILE=1",
					"-DFOLLY_USE_LIBCPP=1",
					"-DFOLLY_CFG_NO_COROUTINES=1",
					"-DFOLLY_HAVE_CLOCK_GETTIME=1",
				);
				OTHER_LDFLAGS = (
					"$(inherited)",
					" ",
				);
				REACT_NATIVE_PATH = "${PODS_ROOT}/../../node_modules/react-native";
				SDKROOT = iphoneos;
				USE_HERMES = true;
				VALIDATE_PRODUCT = YES;
			};
			name = Release;
		};
/* End XCBuildConfiguration section */

/* Begin XCConfigurationList section */
		00E357021AD99517003FC87E /* Build configuration list for PBXNativeTarget "SimpleHabitTrackerTests" */ = {
			isa = XCConfigurationList;
			buildConfigurations = (
				00E356F61AD99517003FC87E /* Debug */,
				00E356F71AD99517003FC87E /* Release */,
			);
			defaultConfigurationIsVisible = 0;
			defaultConfigurationName = Release;
		};
		13B07F931A680F5B00A75B9A /* Build configuration list for PBXNativeTarget "SimpleHabitTracker" */ = {
			isa = XCConfigurationList;
			buildConfigurations = (
				13B07F941A680F5B00A75B9A /* Debug */,
				13B07F951A680F5B00A75B9A /* Release */,
			);
			defaultConfigurationIsVisible = 0;
			defaultConfigurationName = Release;
		};
		83CBB9FA1A601CBA00E9B192 /* Build configuration list for PBXProject "SimpleHabitTracker" */ = {
			isa = XCConfigurationList;
			buildConfigurations = (
				83CBBA201A601CBA00E9B192 /* Debug */,
				83CBBA211A601CBA00E9B192 /* Release */,
			);
			defaultConfigurationIsVisible = 0;
			defaultConfigurationName = Release;
		};
/* End XCConfigurationList section */
	};
	rootObject = 83CBB9F71A601CBA00E9B192 /* Project object */;
}
